golang.org/x/text v0.29.0 h1:1neNs90w9YzJ9BocxfsQNHKuAT4pkghyXc4nhZ6sJvk=
golang.org/x/text v0.29.0/go.mod h1:7MhJOA9CD2qZyOKYazxdYMF85OwPdEr9jTtBpO7ydH4=
gopkg.gilang.dev/google-translate v0.1.2 h1:qD1MLa8rp5Ba1gcDrAXoIr5PI+ykurGU8jknnHbsCUg=
gopkg.gilang.dev/google-translate v0.1.2/go.mod h1:LME9pG8wb/IC8m0Rijkc+PrYc+8SnG6bJSOyOkES2Bc=
