github.com/gilang-as/google-translate v0.1.1 h1:iI2kZg3y0/rxYH9O/7XInko/CB/4p0nalFrHkjpDM8Y=
github.com/gilang-as/google-translate v0.1.1/go.mod h1:9orAAseM2cuv1ikQR20Jto90ryuxo+Tx6Vfh8PQ8lkY=
golang.org/x/text v0.3.7 h1:olpwvP2KacW1ZWvsR7uQhoyTYvKAupfQrRGBFM352Gk=
golang.org/x/text v0.3.7/go.mod h1:u+2+/6zg+i71rQMx5EYifcz6MCKuco9NR6JIITiCfzQ=
